
Microsoft Visual Studio Solution File, Format Version 12.00
# Visual Studio Version 16
VisualStudioVersion = 16.0.32602.291
MinimumVisualStudioVersion = 10.0.40219.1
Project("{FAE04EC0-301F-11D3-BF4B-00C04F79EFBC}") = "Practice1", "Practice1\Practice1.csproj", "{0E72A878-E5C2-4450-9AB1-AFCE022FFA3D}"
EndProject
Project("{FAE04EC0-301F-11D3-BF4B-00C04F79EFBC}") = "Lib_9", "Lib_9\Lib_9.csproj", "{4CCD8EC4-3AD5-43C3-8EA9-5F566E0C2C41}"
EndProject
Global
	GlobalSection(SolutionConfigurationPlatforms) = preSolution
		Debug|Any CPU = Debug|Any CPU
		Release|Any CPU = Release|Any CPU
	EndGlobalSection
	GlobalSection(ProjectConfigurationPlatforms) = postSolution
		{0E72A878-E5C2-4450-9AB1-AFCE022FFA3D}.Debug|Any CPU.ActiveCfg = Debug|Any CPU
		{0E72A878-E5C2-4450-9AB1-AFCE022FFA3D}.Debug|Any CPU.Build.0 = Debug|Any CPU
		{0E72A878-E5C2-4450-9AB1-AFCE022FFA3D}.Release|Any CPU.ActiveCfg = Release|Any CPU
		{0E72A878-E5C2-4450-9AB1-AFCE022FFA3D}.Release|Any CPU.Build.0 = Release|Any CPU
		{4CCD8EC4-3AD5-43C3-8EA9-5F566E0C2C41}.Debug|Any CPU.ActiveCfg = Debug|Any CPU
		{4CCD8EC4-3AD5-43C3-8EA9-5F566E0C2C41}.Debug|Any CPU.Build.0 = Debug|Any CPU
		{4CCD8EC4-3AD5-43C3-8EA9-5F566E0C2C41}.Release|Any CPU.ActiveCfg = Release|Any CPU
		{4CCD8EC4-3AD5-43C3-8EA9-5F566E0C2C41}.Release|Any CPU.Build.0 = Release|Any CPU
	EndGlobalSection
	GlobalSection(SolutionProperties) = preSolution
		HideSolutionNode = FALSE
	EndGlobalSection
	GlobalSection(ExtensibilityGlobals) = postSolution
		SolutionGuid = {6F48F894-D6AC-43BF-BD89-D5BAF50E0241}
	EndGlobalSection
EndGlobal
